// !$*UTF8*$!
{
	archiveVersion = 1;
	classes = {
	};
	objectVersion = 46;
	objects = {

/* Begin PBXBuildFile section */
		2612506D1F014587006CF5CD /* key1.wav in Resources */ = {isa = PBXBuildFile; fileRef = 2612506C1F014587006CF5CD /* key1.wav */; };
		2612506E1F014587006CF5CD /* key1.wav in Resources */ = {isa = PBXBuildFile; fileRef = 2612506C1F014587006CF5CD /* key1.wav */; };
		2612506F1F014587006CF5CD /* key1.wav in Resources */ = {isa = PBXBuildFile; fileRef = 2612506C1F014587006CF5CD /* key1.wav */; };
		261250711F014649006CF5CD /* bombpick.wav in Resources */ = {isa = PBXBuildFile; fileRef = 261250701F014649006CF5CD /* bombpick.wav */; };
		261250721F014649006CF5CD /* bombpick.wav in Resources */ = {isa = PBXBuildFile; fileRef = 261250701F014649006CF5CD /* bombpick.wav */; };
		261250731F014649006CF5CD /* bombpick.wav in Resources */ = {isa = PBXBuildFile; fileRef = 261250701F014649006CF5CD /* bombpick.wav */; };
		261250791F014BEE006CF5CD /* oshi.mp3 in Resources */ = {isa = PBXBuildFile; fileRef = 261250781F014BEE006CF5CD /* oshi.mp3 */; };
		2612507A1F014BEE006CF5CD /* oshi.mp3 in Resources */ = {isa = PBXBuildFile; fileRef = 261250781F014BEE006CF5CD /* oshi.mp3 */; };
		2612507B1F014BEE006CF5CD /* oshi.mp3 in Resources */ = {isa = PBXBuildFile; fileRef = 261250781F014BEE006CF5CD /* oshi.mp3 */; };
		2612507D1F014CA6006CF5CD /* jungle.wav in Resources */ = {isa = PBXBuildFile; fileRef = 2612507C1F014CA6006CF5CD /* jungle.wav */; };
		261527A11F03F682004E3DD4 /* EndGame.swift in Sources */ = {isa = PBXBuildFile; fileRef = 261527A01F03F682004E3DD4 /* EndGame.swift */; };
		2634A56E1F03E5F900783588 /* Background.swift in Sources */ = {isa = PBXBuildFile; fileRef = 2634A56D1F03E5F900783588 /* Background.swift */; };
		2634A56F1F03E5F900783588 /* Background.swift in Sources */ = {isa = PBXBuildFile; fileRef = 2634A56D1F03E5F900783588 /* Background.swift */; };
		2634A5701F03E5F900783588 /* Background.swift in Sources */ = {isa = PBXBuildFile; fileRef = 2634A56D1F03E5F900783588 /* Background.swift */; };
		2649D9571F00095800D935F9 /* LandingPage.sks in Resources */ = {isa = PBXBuildFile; fileRef = 2649D9561F00095800D935F9 /* LandingPage.sks */; };
		2649D9581F00095800D935F9 /* LandingPage.sks in Resources */ = {isa = PBXBuildFile; fileRef = 2649D9561F00095800D935F9 /* LandingPage.sks */; };
		2649D9591F00095800D935F9 /* LandingPage.sks in Resources */ = {isa = PBXBuildFile; fileRef = 2649D9561F00095800D935F9 /* LandingPage.sks */; };
		2649D95B1F0009E500D935F9 /* landingPage.swift in Sources */ = {isa = PBXBuildFile; fileRef = 2649D95A1F0009E500D935F9 /* landingPage.swift */; };
		2649D95C1F0009E500D935F9 /* landingPage.swift in Sources */ = {isa = PBXBuildFile; fileRef = 2649D95A1F0009E500D935F9 /* landingPage.swift */; };
		2649D95D1F0009E500D935F9 /* landingPage.swift in Sources */ = {isa = PBXBuildFile; fileRef = 2649D95A1F0009E500D935F9 /* landingPage.swift */; };
		2649D9631F00171300D935F9 /* EndPage.sks in Resources */ = {isa = PBXBuildFile; fileRef = 2649D9621F00171300D935F9 /* EndPage.sks */; };
		2649D9641F00171300D935F9 /* EndPage.sks in Resources */ = {isa = PBXBuildFile; fileRef = 2649D9621F00171300D935F9 /* EndPage.sks */; };
		2649D9651F00171300D935F9 /* EndPage.sks in Resources */ = {isa = PBXBuildFile; fileRef = 2649D9621F00171300D935F9 /* EndPage.sks */; };
		269E3B911EFA7D65006B919D /* AppDelegate.swift in Sources */ = {isa = PBXBuildFile; fileRef = 269E3B901EFA7D65006B919D /* AppDelegate.swift */; };
		269E3B951EFA7D65006B919D /* Actions.sks in Resources */ = {isa = PBXBuildFile; fileRef = 269E3B941EFA7D65006B919D /* Actions.sks */; };
		269E3B971EFA7D65006B919D /*  GameScene.swift in Sources */ = {isa = PBXBuildFile; fileRef = 269E3B961EFA7D65006B919D /*  GameScene.swift */; };
		269E3B991EFA7D65006B919D /* GameViewController.swift in Sources */ = {isa = PBXBuildFile; fileRef = 269E3B981EFA7D65006B919D /* GameViewController.swift */; };
		269E3B9C1EFA7D65006B919D /* Main.storyboard in Resources */ = {isa = PBXBuildFile; fileRef = 269E3B9A1EFA7D65006B919D /* Main.storyboard */; };
		269E3BA11EFA7D65006B919D /* LaunchScreen.storyboard in Resources */ = {isa = PBXBuildFile; fileRef = 269E3B9F1EFA7D65006B919D /* LaunchScreen.storyboard */; };
		269E3BB71EFA7D66006B919D /* TestUITests.swift in Sources */ = {isa = PBXBuildFile; fileRef = 269E3BB61EFA7D66006B919D /* TestUITests.swift */; };
		26BC2AC11EFBD00A00C6066F /* GroundTile.sks in Resources */ = {isa = PBXBuildFile; fileRef = 26BC2AC01EFBD00A00C6066F /* GroundTile.sks */; };
		26BC2AC21EFBD00A00C6066F /* GroundTile.sks in Resources */ = {isa = PBXBuildFile; fileRef = 26BC2AC01EFBD00A00C6066F /* GroundTile.sks */; };
		26BC2AC31EFBD00A00C6066F /* GroundTile.sks in Resources */ = {isa = PBXBuildFile; fileRef = 26BC2AC01EFBD00A00C6066F /* GroundTile.sks */; };
		26C5C5011EFBF3CC00D50E42 /* EndGame.sks in Resources */ = {isa = PBXBuildFile; fileRef = 26C5C5001EFBF3CC00D50E42 /* EndGame.sks */; };
		26C5C5021EFBF3CC00D50E42 /* EndGame.sks in Resources */ = {isa = PBXBuildFile; fileRef = 26C5C5001EFBF3CC00D50E42 /* EndGame.sks */; };
		26C5C5031EFBF3CC00D50E42 /* EndGame.sks in Resources */ = {isa = PBXBuildFile; fileRef = 26C5C5001EFBF3CC00D50E42 /* EndGame.sks */; };
		26C5C5051EFBF53D00D50E42 /* Door.swift in Sources */ = {isa = PBXBuildFile; fileRef = 26C5C5041EFBF53D00D50E42 /* Door.swift */; };
		26C5C5061EFBF53D00D50E42 /* Door.swift in Sources */ = {isa = PBXBuildFile; fileRef = 26C5C5041EFBF53D00D50E42 /* Door.swift */; };
		26C5C5071EFBF53D00D50E42 /* Door.swift in Sources */ = {isa = PBXBuildFile; fileRef = 26C5C5041EFBF53D00D50E42 /* Door.swift */; };
		500001831EFD4E2E00F089A2 /* DoorTests.swift in Sources */ = {isa = PBXBuildFile; fileRef = 500001821EFD4E2E00F089A2 /* DoorTests.swift */; };
		500001841EFD51A300F089A2 /*  GameScene.swift in Sources */ = {isa = PBXBuildFile; fileRef = 269E3B961EFA7D65006B919D /*  GameScene.swift */; };
		500001851EFD51A300F089A2 /*  GameScene.swift in Sources */ = {isa = PBXBuildFile; fileRef = 269E3B961EFA7D65006B919D /*  GameScene.swift */; };
		500001861EFD51AB00F089A2 /* Player.swift in Sources */ = {isa = PBXBuildFile; fileRef = 502504B91EFB11F0005AA3D0 /* Player.swift */; };
		500001871EFD51AC00F089A2 /* Player.swift in Sources */ = {isa = PBXBuildFile; fileRef = 502504B91EFB11F0005AA3D0 /* Player.swift */; };
		500001881EFD51B000F089A2 /* AppDelegate.swift in Sources */ = {isa = PBXBuildFile; fileRef = 269E3B901EFA7D65006B919D /* AppDelegate.swift */; };
		500001891EFD51B000F089A2 /* AppDelegate.swift in Sources */ = {isa = PBXBuildFile; fileRef = 269E3B901EFA7D65006B919D /* AppDelegate.swift */; };
		5000018A1EFD51B500F089A2 /* GameViewController.swift in Sources */ = {isa = PBXBuildFile; fileRef = 269E3B981EFA7D65006B919D /* GameViewController.swift */; };
		5000018B1EFD51B500F089A2 /* GameViewController.swift in Sources */ = {isa = PBXBuildFile; fileRef = 269E3B981EFA7D65006B919D /* GameViewController.swift */; };
		500667501F012FA9009B16A9 /* HealthPack.swift in Sources */ = {isa = PBXBuildFile; fileRef = 5006674F1F012FA9009B16A9 /* HealthPack.swift */; };
		500667511F012FA9009B16A9 /* HealthPack.swift in Sources */ = {isa = PBXBuildFile; fileRef = 5006674F1F012FA9009B16A9 /* HealthPack.swift */; };
		500667521F012FA9009B16A9 /* HealthPack.swift in Sources */ = {isa = PBXBuildFile; fileRef = 5006674F1F012FA9009B16A9 /* HealthPack.swift */; };
		502504BA1EFB11F0005AA3D0 /* Player.swift in Sources */ = {isa = PBXBuildFile; fileRef = 502504B91EFB11F0005AA3D0 /* Player.swift */; };
		502504BC1EFB2047005AA3D0 /* Jump.atlas in Resources */ = {isa = PBXBuildFile; fileRef = 502504BB1EFB2047005AA3D0 /* Jump.atlas */; };
		502504C01EFB209B005AA3D0 /* Walk.atlas in Resources */ = {isa = PBXBuildFile; fileRef = 502504BF1EFB209B005AA3D0 /* Walk.atlas */; };
		5028E7321F03A4FC00C30686 /* HangingSpikes.swift in Sources */ = {isa = PBXBuildFile; fileRef = 5028E7311F03A4FC00C30686 /* HangingSpikes.swift */; };
		5028E7331F03A50300C30686 /* HangingSpikes.swift in Sources */ = {isa = PBXBuildFile; fileRef = 5028E7311F03A4FC00C30686 /* HangingSpikes.swift */; };
		5028E7341F03A50400C30686 /* HangingSpikes.swift in Sources */ = {isa = PBXBuildFile; fileRef = 5028E7311F03A4FC00C30686 /* HangingSpikes.swift */; };
		5028E7361F03A80600C30686 /* GameScene.sks in Resources */ = {isa = PBXBuildFile; fileRef = 5028E7351F03A80600C30686 /* GameScene.sks */; };
		5028E73E1F043AE200C30686 /* HealthPackTest.swift in Sources */ = {isa = PBXBuildFile; fileRef = 5028E73D1F043AE200C30686 /* HealthPackTest.swift */; };
		5028E7401F043B7D00C30686 /* GroundTest.swift in Sources */ = {isa = PBXBuildFile; fileRef = 5028E73F1F043B7D00C30686 /* GroundTest.swift */; };
		507190981EFFC7C2006C3CA9 /* Key.swift in Sources */ = {isa = PBXBuildFile; fileRef = 507190971EFFC7C2006C3CA9 /* Key.swift */; };
		507190991EFFC7C2006C3CA9 /* Key.swift in Sources */ = {isa = PBXBuildFile; fileRef = 507190971EFFC7C2006C3CA9 /* Key.swift */; };
		5071909A1EFFC7C2006C3CA9 /* Key.swift in Sources */ = {isa = PBXBuildFile; fileRef = 507190971EFFC7C2006C3CA9 /* Key.swift */; };
		508050251F00240F00E73F6B /* EndPage.swift in Sources */ = {isa = PBXBuildFile; fileRef = 508050241F00240F00E73F6B /* EndPage.swift */; };
		508050261F00240F00E73F6B /* EndPage.swift in Sources */ = {isa = PBXBuildFile; fileRef = 508050241F00240F00E73F6B /* EndPage.swift */; };
		508050271F00240F00E73F6B /* EndPage.swift in Sources */ = {isa = PBXBuildFile; fileRef = 508050241F00240F00E73F6B /* EndPage.swift */; };
		508C9E0C1EFFC6C1008AB64E /* KeyTests.swift in Sources */ = {isa = PBXBuildFile; fileRef = 508C9E0B1EFFC6C1008AB64E /* KeyTests.swift */; };
		50D33A511F02D0DB00CB2935 /* Spikes.swift in Sources */ = {isa = PBXBuildFile; fileRef = 50D33A501F02D0DB00CB2935 /* Spikes.swift */; };
		50D33A521F02D0DB00CB2935 /* Spikes.swift in Sources */ = {isa = PBXBuildFile; fileRef = 50D33A501F02D0DB00CB2935 /* Spikes.swift */; };
		50D33A531F02D0DB00CB2935 /* Spikes.swift in Sources */ = {isa = PBXBuildFile; fileRef = 50D33A501F02D0DB00CB2935 /* Spikes.swift */; };
		50DAA6CB1F0015AF008643F0 /* Enemy.swift in Sources */ = {isa = PBXBuildFile; fileRef = 57E8833D1EFD86280059A2E7 /* Enemy.swift */; };
		50DAA6CC1F0015B0008643F0 /* Enemy.swift in Sources */ = {isa = PBXBuildFile; fileRef = 57E8833D1EFD86280059A2E7 /* Enemy.swift */; };
		50DAA6CE1F001637008643F0 /* Enemy.swift in Sources */ = {isa = PBXBuildFile; fileRef = 57E8833D1EFD86280059A2E7 /* Enemy.swift */; };
		50DAA6CF1F001649008643F0 /* TestEnemy.swift in Sources */ = {isa = PBXBuildFile; fileRef = 50DAA6C71F001576008643F0 /* TestEnemy.swift */; };
		50E7F7371EFACC52005B4513 /* Assets.xcassets in Resources */ = {isa = PBXBuildFile; fileRef = 50E7F7361EFACC52005B4513 /* Assets.xcassets */; };
		50F3EACE1F00E47100601635 /* LifeBarTest.swift in Sources */ = {isa = PBXBuildFile; fileRef = 50F3EACD1F00E47100601635 /* LifeBarTest.swift */; };
		50F3EAD01F00E4B000601635 /* LifeBar.swift in Sources */ = {isa = PBXBuildFile; fileRef = 50F3EACF1F00E4B000601635 /* LifeBar.swift */; };
		50F3EAD11F00E4B000601635 /* LifeBar.swift in Sources */ = {isa = PBXBuildFile; fileRef = 50F3EACF1F00E4B000601635 /* LifeBar.swift */; };
		50F3EAD21F00E4B000601635 /* LifeBar.swift in Sources */ = {isa = PBXBuildFile; fileRef = 50F3EACF1F00E4B000601635 /* LifeBar.swift */; };
		57686A6A1EFD4F07002CB08E /* PlayerTests.swift in Sources */ = {isa = PBXBuildFile; fileRef = 57686A691EFD4F07002CB08E /* PlayerTests.swift */; };
		576E0AD01F0141A1001D1847 /* Projectile.swift in Sources */ = {isa = PBXBuildFile; fileRef = 576E0ACF1F0141A1001D1847 /* Projectile.swift */; };
		576E0AD11F0141A1001D1847 /* Projectile.swift in Sources */ = {isa = PBXBuildFile; fileRef = 576E0ACF1F0141A1001D1847 /* Projectile.swift */; };
		576E0AD21F0141A1001D1847 /* Projectile.swift in Sources */ = {isa = PBXBuildFile; fileRef = 576E0ACF1F0141A1001D1847 /* Projectile.swift */; };
		57F885241F02C210004BD42C /* Ground.swift in Sources */ = {isa = PBXBuildFile; fileRef = 57F885231F02C210004BD42C /* Ground.swift */; };
		57F885251F02C210004BD42C /* Ground.swift in Sources */ = {isa = PBXBuildFile; fileRef = 57F885231F02C210004BD42C /* Ground.swift */; };
		57F885261F02C210004BD42C /* Ground.swift in Sources */ = {isa = PBXBuildFile; fileRef = 57F885231F02C210004BD42C /* Ground.swift */; };
		C14F431F1F011343001AB82B /* Weapon.swift in Sources */ = {isa = PBXBuildFile; fileRef = C14F431E1F011343001AB82B /* Weapon.swift */; };
		C14F43201F011343001AB82B /* Weapon.swift in Sources */ = {isa = PBXBuildFile; fileRef = C14F431E1F011343001AB82B /* Weapon.swift */; };
		C14F43211F011343001AB82B /* Weapon.swift in Sources */ = {isa = PBXBuildFile; fileRef = C14F431E1F011343001AB82B /* Weapon.swift */; };
		C14F43231F011BA6001AB82B /* WeaponTests.swift in Sources */ = {isa = PBXBuildFile; fileRef = C14F43221F011BA6001AB82B /* WeaponTests.swift */; };
/* End PBXBuildFile section */

/* Begin PBXContainerItemProxy section */
		269E3BA81EFA7D65006B919D /* PBXContainerItemProxy */ = {
			isa = PBXContainerItemProxy;
			containerPortal = 269E3B851EFA7D65006B919D /* Project object */;
			proxyType = 1;
			remoteGlobalIDString = 269E3B8C1EFA7D65006B919D;
			remoteInfo = Test;
		};
		269E3BB31EFA7D65006B919D /* PBXContainerItemProxy */ = {
			isa = PBXContainerItemProxy;
			containerPortal = 269E3B851EFA7D65006B919D /* Project object */;
			proxyType = 1;
			remoteGlobalIDString = 269E3B8C1EFA7D65006B919D;
			remoteInfo = Test;
		};
/* End PBXContainerItemProxy section */

/* Begin PBXFileReference section */
		2612506C1F014587006CF5CD /* key1.wav */ = {isa = PBXFileReference; lastKnownFileType = audio.wav; path = key1.wav; sourceTree = "<group>"; };
		261250701F014649006CF5CD /* bombpick.wav */ = {isa = PBXFileReference; lastKnownFileType = audio.wav; path = bombpick.wav; sourceTree = "<group>"; };
		261250781F014BEE006CF5CD /* oshi.mp3 */ = {isa = PBXFileReference; lastKnownFileType = audio.mp3; path = oshi.mp3; sourceTree = "<group>"; };
		2612507C1F014CA6006CF5CD /* jungle.wav */ = {isa = PBXFileReference; lastKnownFileType = audio.wav; path = jungle.wav; sourceTree = "<group>"; };
		261527A01F03F682004E3DD4 /* EndGame.swift */ = {isa = PBXFileReference; fileEncoding = 4; lastKnownFileType = sourcecode.swift; name = EndGame.swift; path = ../EndGame.swift; sourceTree = "<group>"; };
		2634A56D1F03E5F900783588 /* Background.swift */ = {isa = PBXFileReference; fileEncoding = 4; lastKnownFileType = sourcecode.swift; path = Background.swift; sourceTree = "<group>"; };
		2649D9561F00095800D935F9 /* LandingPage.sks */ = {isa = PBXFileReference; lastKnownFileType = file.sks; name = LandingPage.sks; path = ../LandingPage.sks; sourceTree = "<group>"; };
		2649D95A1F0009E500D935F9 /* landingPage.swift */ = {isa = PBXFileReference; fileEncoding = 4; lastKnownFileType = sourcecode.swift; path = landingPage.swift; sourceTree = "<group>"; };
		2649D9621F00171300D935F9 /* EndPage.sks */ = {isa = PBXFileReference; lastKnownFileType = file.sks; path = EndPage.sks; sourceTree = "<group>"; };
		269E3B8D1EFA7D65006B919D /* Test.app */ = {isa = PBXFileReference; explicitFileType = wrapper.application; includeInIndex = 0; path = Test.app; sourceTree = BUILT_PRODUCTS_DIR; };
		269E3B901EFA7D65006B919D /* AppDelegate.swift */ = {isa = PBXFileReference; lastKnownFileType = sourcecode.swift; path = AppDelegate.swift; sourceTree = "<group>"; };
		269E3B941EFA7D65006B919D /* Actions.sks */ = {isa = PBXFileReference; lastKnownFileType = file.sks; path = Actions.sks; sourceTree = "<group>"; };
		269E3B961EFA7D65006B919D /*  GameScene.swift */ = {isa = PBXFileReference; lastKnownFileType = sourcecode.swift; path = " GameScene.swift"; sourceTree = "<group>"; };
		269E3B981EFA7D65006B919D /* GameViewController.swift */ = {isa = PBXFileReference; lastKnownFileType = sourcecode.swift; path = GameViewController.swift; sourceTree = "<group>"; };
		269E3B9B1EFA7D65006B919D /* Base */ = {isa = PBXFileReference; lastKnownFileType = file.storyboard; name = Base; path = Base.lproj/Main.storyboard; sourceTree = "<group>"; };
		269E3BA01EFA7D65006B919D /* Base */ = {isa = PBXFileReference; lastKnownFileType = file.storyboard; name = Base; path = Base.lproj/LaunchScreen.storyboard; sourceTree = "<group>"; };
		269E3BA21EFA7D65006B919D /* Info.plist */ = {isa = PBXFileReference; lastKnownFileType = text.plist.xml; path = Info.plist; sourceTree = "<group>"; };
		269E3BA71EFA7D65006B919D /* TestTests.xctest */ = {isa = PBXFileReference; explicitFileType = wrapper.cfbundle; includeInIndex = 0; path = TestTests.xctest; sourceTree = BUILT_PRODUCTS_DIR; };
		269E3BAD1EFA7D65006B919D /* Info.plist */ = {isa = PBXFileReference; lastKnownFileType = text.plist.xml; path = Info.plist; sourceTree = "<group>"; };
		269E3BB21EFA7D65006B919D /* TestUITests.xctest */ = {isa = PBXFileReference; explicitFileType = wrapper.cfbundle; includeInIndex = 0; path = TestUITests.xctest; sourceTree = BUILT_PRODUCTS_DIR; };
		269E3BB61EFA7D66006B919D /* TestUITests.swift */ = {isa = PBXFileReference; lastKnownFileType = sourcecode.swift; path = TestUITests.swift; sourceTree = "<group>"; };
		269E3BB81EFA7D66006B919D /* Info.plist */ = {isa = PBXFileReference; lastKnownFileType = text.plist.xml; path = Info.plist; sourceTree = "<group>"; };
		26BC2AC01EFBD00A00C6066F /* GroundTile.sks */ = {isa = PBXFileReference; lastKnownFileType = file.sks; path = GroundTile.sks; sourceTree = "<group>"; };
		26C5C5001EFBF3CC00D50E42 /* EndGame.sks */ = {isa = PBXFileReference; lastKnownFileType = file.sks; path = EndGame.sks; sourceTree = "<group>"; };
		26C5C5041EFBF53D00D50E42 /* Door.swift */ = {isa = PBXFileReference; fileEncoding = 4; lastKnownFileType = sourcecode.swift; path = Door.swift; sourceTree = "<group>"; };
		500001821EFD4E2E00F089A2 /* DoorTests.swift */ = {isa = PBXFileReference; fileEncoding = 4; lastKnownFileType = sourcecode.swift; path = DoorTests.swift; sourceTree = "<group>"; };
		5006674F1F012FA9009B16A9 /* HealthPack.swift */ = {isa = PBXFileReference; fileEncoding = 4; lastKnownFileType = sourcecode.swift; path = HealthPack.swift; sourceTree = "<group>"; };
		502504B91EFB11F0005AA3D0 /* Player.swift */ = {isa = PBXFileReference; fileEncoding = 4; lastKnownFileType = sourcecode.swift; name = Player.swift; path = ../Player.swift; sourceTree = "<group>"; };
		502504BB1EFB2047005AA3D0 /* Jump.atlas */ = {isa = PBXFileReference; lastKnownFileType = folder.skatlas; name = Jump.atlas; path = ../Jump.atlas; sourceTree = "<group>"; };
		502504BF1EFB209B005AA3D0 /* Walk.atlas */ = {isa = PBXFileReference; lastKnownFileType = folder.skatlas; path = Walk.atlas; sourceTree = "<group>"; };
		5028E7311F03A4FC00C30686 /* HangingSpikes.swift */ = {isa = PBXFileReference; fileEncoding = 4; lastKnownFileType = sourcecode.swift; path = HangingSpikes.swift; sourceTree = "<group>"; };
		5028E7351F03A80600C30686 /* GameScene.sks */ = {isa = PBXFileReference; lastKnownFileType = file.sks; path = GameScene.sks; sourceTree = "<group>"; };
		5028E73D1F043AE200C30686 /* HealthPackTest.swift */ = {isa = PBXFileReference; fileEncoding = 4; lastKnownFileType = sourcecode.swift; path = HealthPackTest.swift; sourceTree = "<group>"; };
		5028E73F1F043B7D00C30686 /* GroundTest.swift */ = {isa = PBXFileReference; fileEncoding = 4; lastKnownFileType = sourcecode.swift; path = GroundTest.swift; sourceTree = "<group>"; };
		507190971EFFC7C2006C3CA9 /* Key.swift */ = {isa = PBXFileReference; fileEncoding = 4; lastKnownFileType = sourcecode.swift; path = Key.swift; sourceTree = "<group>"; };
		508050241F00240F00E73F6B /* EndPage.swift */ = {isa = PBXFileReference; fileEncoding = 4; lastKnownFileType = sourcecode.swift; path = EndPage.swift; sourceTree = "<group>"; };
		508C9E0B1EFFC6C1008AB64E /* KeyTests.swift */ = {isa = PBXFileReference; fileEncoding = 4; lastKnownFileType = sourcecode.swift; path = KeyTests.swift; sourceTree = "<group>"; };
		50D33A501F02D0DB00CB2935 /* Spikes.swift */ = {isa = PBXFileReference; fileEncoding = 4; lastKnownFileType = sourcecode.swift; path = Spikes.swift; sourceTree = "<group>"; };
		50DAA6C71F001576008643F0 /* TestEnemy.swift */ = {isa = PBXFileReference; fileEncoding = 4; lastKnownFileType = sourcecode.swift; path = TestEnemy.swift; sourceTree = "<group>"; };
		50E7F7361EFACC52005B4513 /* Assets.xcassets */ = {isa = PBXFileReference; lastKnownFileType = folder.assetcatalog; path = Assets.xcassets; sourceTree = "<group>"; };
		50F3EACD1F00E47100601635 /* LifeBarTest.swift */ = {isa = PBXFileReference; fileEncoding = 4; lastKnownFileType = sourcecode.swift; path = LifeBarTest.swift; sourceTree = "<group>"; };
		50F3EACF1F00E4B000601635 /* LifeBar.swift */ = {isa = PBXFileReference; fileEncoding = 4; lastKnownFileType = sourcecode.swift; path = LifeBar.swift; sourceTree = "<group>"; };
		57686A691EFD4F07002CB08E /* PlayerTests.swift */ = {isa = PBXFileReference; fileEncoding = 4; lastKnownFileType = sourcecode.swift; path = PlayerTests.swift; sourceTree = "<group>"; };
		576E0ACF1F0141A1001D1847 /* Projectile.swift */ = {isa = PBXFileReference; fileEncoding = 4; lastKnownFileType = sourcecode.swift; path = Projectile.swift; sourceTree = "<group>"; };
		57E8833D1EFD86280059A2E7 /* Enemy.swift */ = {isa = PBXFileReference; fileEncoding = 4; lastKnownFileType = sourcecode.swift; path = Enemy.swift; sourceTree = "<group>"; };
		57F885231F02C210004BD42C /* Ground.swift */ = {isa = PBXFileReference; fileEncoding = 4; lastKnownFileType = sourcecode.swift; path = Ground.swift; sourceTree = "<group>"; };
		C14F431E1F011343001AB82B /* Weapon.swift */ = {isa = PBXFileReference; fileEncoding = 4; lastKnownFileType = sourcecode.swift; path = Weapon.swift; sourceTree = "<group>"; };
		C14F43221F011BA6001AB82B /* WeaponTests.swift */ = {isa = PBXFileReference; fileEncoding = 4; lastKnownFileType = sourcecode.swift; path = WeaponTests.swift; sourceTree = "<group>"; };
/* End PBXFileReference section */

/* Begin PBXFrameworksBuildPhase section */
		269E3B8A1EFA7D65006B919D /* Frameworks */ = {
			isa = PBXFrameworksBuildPhase;
			buildActionMask = 2147483647;
			files = (
			);
			runOnlyForDeploymentPostprocessing = 0;
		};
		269E3BA41EFA7D65006B919D /* Frameworks */ = {
			isa = PBXFrameworksBuildPhase;
			buildActionMask = 2147483647;
			files = (
			);
			runOnlyForDeploymentPostprocessing = 0;
		};
		269E3BAF1EFA7D65006B919D /* Frameworks */ = {
			isa = PBXFrameworksBuildPhase;
			buildActionMask = 2147483647;
			files = (
			);
			runOnlyForDeploymentPostprocessing = 0;
		};
/* End PBXFrameworksBuildPhase section */

/* Begin PBXGroup section */
		2612506B1F014566006CF5CD /* Sounds */ = {
			isa = PBXGroup;
			children = (
				261250701F014649006CF5CD /* bombpick.wav */,
				2612506C1F014587006CF5CD /* key1.wav */,
				261250781F014BEE006CF5CD /* oshi.mp3 */,
				2612507C1F014CA6006CF5CD /* jungle.wav */,
			);
			name = Sounds;
			sourceTree = "<group>";
		};
		269E3B841EFA7D65006B919D = {
			isa = PBXGroup;
			children = (
				269E3B8F1EFA7D65006B919D /* Test */,
				269E3BAA1EFA7D65006B919D /* TestTests */,
				269E3BB51EFA7D66006B919D /* TestUITests */,
				269E3B8E1EFA7D65006B919D /* Products */,
			);
			sourceTree = "<group>";
		};
		269E3B8E1EFA7D65006B919D /* Products */ = {
			isa = PBXGroup;
			children = (
				269E3B8D1EFA7D65006B919D /* Test.app */,
				269E3BA71EFA7D65006B919D /* TestTests.xctest */,
				269E3BB21EFA7D65006B919D /* TestUITests.xctest */,
			);
			name = Products;
			sourceTree = "<group>";
		};
		269E3B8F1EFA7D65006B919D /* Test */ = {
			isa = PBXGroup;
			children = (
				2612506B1F014566006CF5CD /* Sounds */,
				502504BB1EFB2047005AA3D0 /* Jump.atlas */,
				502504BF1EFB209B005AA3D0 /* Walk.atlas */,
				269E3B961EFA7D65006B919D /*  GameScene.swift */,
				5028E7351F03A80600C30686 /* GameScene.sks */,
				26C5C5001EFBF3CC00D50E42 /* EndGame.sks */,
				261527A01F03F682004E3DD4 /* EndGame.swift */,
				26C5C5041EFBF53D00D50E42 /* Door.swift */,
				2649D95A1F0009E500D935F9 /* landingPage.swift */,
				508050241F00240F00E73F6B /* EndPage.swift */,
				2634A56D1F03E5F900783588 /* Background.swift */,
				502504B91EFB11F0005AA3D0 /* Player.swift */,
				2649D9621F00171300D935F9 /* EndPage.sks */,
				2649D9561F00095800D935F9 /* LandingPage.sks */,
				26BC2AC01EFBD00A00C6066F /* GroundTile.sks */,
				269E3B901EFA7D65006B919D /* AppDelegate.swift */,
				C14F431E1F011343001AB82B /* Weapon.swift */,
				576E0ACF1F0141A1001D1847 /* Projectile.swift */,
				269E3B941EFA7D65006B919D /* Actions.sks */,
				269E3B981EFA7D65006B919D /* GameViewController.swift */,
				50E7F7361EFACC52005B4513 /* Assets.xcassets */,
				269E3B9A1EFA7D65006B919D /* Main.storyboard */,
				269E3B9F1EFA7D65006B919D /* LaunchScreen.storyboard */,
				269E3BA21EFA7D65006B919D /* Info.plist */,
				507190971EFFC7C2006C3CA9 /* Key.swift */,
				57E8833D1EFD86280059A2E7 /* Enemy.swift */,
				50F3EACF1F00E4B000601635 /* LifeBar.swift */,
				5006674F1F012FA9009B16A9 /* HealthPack.swift */,
				57F885231F02C210004BD42C /* Ground.swift */,
				50D33A501F02D0DB00CB2935 /* Spikes.swift */,
				5028E7311F03A4FC00C30686 /* HangingSpikes.swift */,
			);
			path = Test;
			sourceTree = "<group>";
		};
		269E3BAA1EFA7D65006B919D /* TestTests */ = {
			isa = PBXGroup;
			children = (
				269E3BAD1EFA7D65006B919D /* Info.plist */,
				C14F43221F011BA6001AB82B /* WeaponTests.swift */,
				57686A691EFD4F07002CB08E /* PlayerTests.swift */,
				500001821EFD4E2E00F089A2 /* DoorTests.swift */,
				508C9E0B1EFFC6C1008AB64E /* KeyTests.swift */,
				50DAA6C71F001576008643F0 /* TestEnemy.swift */,
				50F3EACD1F00E47100601635 /* LifeBarTest.swift */,
				5028E73D1F043AE200C30686 /* HealthPackTest.swift */,
				5028E73F1F043B7D00C30686 /* GroundTest.swift */,
			);
			path = TestTests;
			sourceTree = "<group>";
		};
		269E3BB51EFA7D66006B919D /* TestUITests */ = {
			isa = PBXGroup;
			children = (
				269E3BB61EFA7D66006B919D /* TestUITests.swift */,
				269E3BB81EFA7D66006B919D /* Info.plist */,
			);
			path = TestUITests;
			sourceTree = "<group>";
		};
/* End PBXGroup section */

/* Begin PBXNativeTarget section */
		269E3B8C1EFA7D65006B919D /* Test */ = {
			isa = PBXNativeTarget;
			buildConfigurationList = 269E3BBB1EFA7D66006B919D /* Build configuration list for PBXNativeTarget "Test" */;
			buildPhases = (
				269E3B891EFA7D65006B919D /* Sources */,
				269E3B8A1EFA7D65006B919D /* Frameworks */,
				269E3B8B1EFA7D65006B919D /* Resources */,
			);
			buildRules = (
			);
			dependencies = (
			);
			name = Test;
			productName = Test;
			productReference = 269E3B8D1EFA7D65006B919D /* Test.app */;
			productType = "com.apple.product-type.application";
		};
		269E3BA61EFA7D65006B919D /* TestTests */ = {
			isa = PBXNativeTarget;
			buildConfigurationList = 269E3BBE1EFA7D66006B919D /* Build configuration list for PBXNativeTarget "TestTests" */;
			buildPhases = (
				269E3BA31EFA7D65006B919D /* Sources */,
				269E3BA41EFA7D65006B919D /* Frameworks */,
				269E3BA51EFA7D65006B919D /* Resources */,
			);
			buildRules = (
			);
			dependencies = (
				269E3BA91EFA7D65006B919D /* PBXTargetDependency */,
			);
			name = TestTests;
			productName = TestTests;
			productReference = 269E3BA71EFA7D65006B919D /* TestTests.xctest */;
			productType = "com.apple.product-type.bundle.unit-test";
		};
		269E3BB11EFA7D65006B919D /* TestUITests */ = {
			isa = PBXNativeTarget;
			buildConfigurationList = 269E3BC11EFA7D66006B919D /* Build configuration list for PBXNativeTarget "TestUITests" */;
			buildPhases = (
				269E3BAE1EFA7D65006B919D /* Sources */,
				269E3BAF1EFA7D65006B919D /* Frameworks */,
				269E3BB01EFA7D65006B919D /* Resources */,
			);
			buildRules = (
			);
			dependencies = (
				269E3BB41EFA7D65006B919D /* PBXTargetDependency */,
			);
			name = TestUITests;
			productName = TestUITests;
			productReference = 269E3BB21EFA7D65006B919D /* TestUITests.xctest */;
			productType = "com.apple.product-type.bundle.ui-testing";
		};
/* End PBXNativeTarget section */

/* Begin PBXProject section */
		269E3B851EFA7D65006B919D /* Project object */ = {
			isa = PBXProject;
			attributes = {
				LastSwiftUpdateCheck = 0830;
				LastUpgradeCheck = 0830;
				ORGANIZATIONNAME = Sami;
				TargetAttributes = {
					269E3B8C1EFA7D65006B919D = {
						CreatedOnToolsVersion = 8.3.3;
						DevelopmentTeam = DJBH7J95ZQ;
						ProvisioningStyle = Automatic;
					};
					269E3BA61EFA7D65006B919D = {
						CreatedOnToolsVersion = 8.3.3;
						ProvisioningStyle = Automatic;
						TestTargetID = 269E3B8C1EFA7D65006B919D;
					};
					269E3BB11EFA7D65006B919D = {
						CreatedOnToolsVersion = 8.3.3;
						ProvisioningStyle = Automatic;
						TestTargetID = 269E3B8C1EFA7D65006B919D;
					};
				};
			};
			buildConfigurationList = 269E3B881EFA7D65006B919D /* Build configuration list for PBXProject "Test" */;
			compatibilityVersion = "Xcode 3.2";
			developmentRegion = English;
			hasScannedForEncodings = 0;
			knownRegions = (
				en,
				Base,
			);
			mainGroup = 269E3B841EFA7D65006B919D;
			productRefGroup = 269E3B8E1EFA7D65006B919D /* Products */;
			projectDirPath = "";
			projectRoot = "";
			targets = (
				269E3B8C1EFA7D65006B919D /* Test */,
				269E3BA61EFA7D65006B919D /* TestTests */,
				269E3BB11EFA7D65006B919D /* TestUITests */,
			);
		};
/* End PBXProject section */

/* Begin PBXResourcesBuildPhase section */
		269E3B8B1EFA7D65006B919D /* Resources */ = {
			isa = PBXResourcesBuildPhase;
			buildActionMask = 2147483647;
			files = (
				269E3B9C1EFA7D65006B919D /* Main.storyboard in Resources */,
				5028E7361F03A80600C30686 /* GameScene.sks in Resources */,
				26C5C5011EFBF3CC00D50E42 /* EndGame.sks in Resources */,
				2612506D1F014587006CF5CD /* key1.wav in Resources */,
				502504BC1EFB2047005AA3D0 /* Jump.atlas in Resources */,
				269E3BA11EFA7D65006B919D /* LaunchScreen.storyboard in Resources */,
				2649D9631F00171300D935F9 /* EndPage.sks in Resources */,
				502504C01EFB209B005AA3D0 /* Walk.atlas in Resources */,
				261250791F014BEE006CF5CD /* oshi.mp3 in Resources */,
				269E3B951EFA7D65006B919D /* Actions.sks in Resources */,
				2612507D1F014CA6006CF5CD /* jungle.wav in Resources */,
				26BC2AC11EFBD00A00C6066F /* GroundTile.sks in Resources */,
				2649D9571F00095800D935F9 /* LandingPage.sks in Resources */,
				50E7F7371EFACC52005B4513 /* Assets.xcassets in Resources */,
				261250711F014649006CF5CD /* bombpick.wav in Resources */,
			);
			runOnlyForDeploymentPostprocessing = 0;
		};
		269E3BA51EFA7D65006B919D /* Resources */ = {
			isa = PBXResourcesBuildPhase;
			buildActionMask = 2147483647;
			files = (
				2612506E1F014587006CF5CD /* key1.wav in Resources */,
				2612507A1F014BEE006CF5CD /* oshi.mp3 in Resources */,
				2649D9581F00095800D935F9 /* LandingPage.sks in Resources */,
				26BC2AC21EFBD00A00C6066F /* GroundTile.sks in Resources */,
				26C5C5021EFBF3CC00D50E42 /* EndGame.sks in Resources */,
				2649D9641F00171300D935F9 /* EndPage.sks in Resources */,
				261250721F014649006CF5CD /* bombpick.wav in Resources */,
			);
			runOnlyForDeploymentPostprocessing = 0;
		};
		269E3BB01EFA7D65006B919D /* Resources */ = {
			isa = PBXResourcesBuildPhase;
			buildActionMask = 2147483647;
			files = (
				2612506F1F014587006CF5CD /* key1.wav in Resources */,
				2612507B1F014BEE006CF5CD /* oshi.mp3 in Resources */,
				2649D9591F00095800D935F9 /* LandingPage.sks in Resources */,
				26BC2AC31EFBD00A00C6066F /* GroundTile.sks in Resources */,
				26C5C5031EFBF3CC00D50E42 /* EndGame.sks in Resources */,
				2649D9651F00171300D935F9 /* EndPage.sks in Resources */,
				261250731F014649006CF5CD /* bombpick.wav in Resources */,
			);
			runOnlyForDeploymentPostprocessing = 0;
		};
/* End PBXResourcesBuildPhase section */

/* Begin PBXSourcesBuildPhase section */
		269E3B891EFA7D65006B919D /* Sources */ = {
			isa = PBXSourcesBuildPhase;
			buildActionMask = 2147483647;
			files = (
				2649D95B1F0009E500D935F9 /* landingPage.swift in Sources */,
				576E0AD01F0141A1001D1847 /* Projectile.swift in Sources */,
				57F885241F02C210004BD42C /* Ground.swift in Sources */,
				50DAA6CB1F0015AF008643F0 /* Enemy.swift in Sources */,
				2634A56E1F03E5F900783588 /* Background.swift in Sources */,
				502504BA1EFB11F0005AA3D0 /* Player.swift in Sources */,
				50F3EAD01F00E4B000601635 /* LifeBar.swift in Sources */,
				269E3B971EFA7D65006B919D /*  GameScene.swift in Sources */,
				269E3B991EFA7D65006B919D /* GameViewController.swift in Sources */,
				261527A11F03F682004E3DD4 /* EndGame.swift in Sources */,
				C14F431F1F011343001AB82B /* Weapon.swift in Sources */,
				5028E7321F03A4FC00C30686 /* HangingSpikes.swift in Sources */,
				508050251F00240F00E73F6B /* EndPage.swift in Sources */,
				26C5C5051EFBF53D00D50E42 /* Door.swift in Sources */,
				269E3B911EFA7D65006B919D /* AppDelegate.swift in Sources */,
				500667501F012FA9009B16A9 /* HealthPack.swift in Sources */,
				50D33A511F02D0DB00CB2935 /* Spikes.swift in Sources */,
				507190981EFFC7C2006C3CA9 /* Key.swift in Sources */,
			);
			runOnlyForDeploymentPostprocessing = 0;
		};
		269E3BA31EFA7D65006B919D /* Sources */ = {
			isa = PBXSourcesBuildPhase;
			buildActionMask = 2147483647;
			files = (
				5000018A1EFD51B500F089A2 /* GameViewController.swift in Sources */,
				2649D95C1F0009E500D935F9 /* landingPage.swift in Sources */,
				507190991EFFC7C2006C3CA9 /* Key.swift in Sources */,
				50F3EACE1F00E47100601635 /* LifeBarTest.swift in Sources */,
				500667511F012FA9009B16A9 /* HealthPack.swift in Sources */,
				500001881EFD51B000F089A2 /* AppDelegate.swift in Sources */,
				5028E7331F03A50300C30686 /* HangingSpikes.swift in Sources */,
				508C9E0C1EFFC6C1008AB64E /* KeyTests.swift in Sources */,
				C14F43201F011343001AB82B /* Weapon.swift in Sources */,
				50DAA6CF1F001649008643F0 /* TestEnemy.swift in Sources */,
				5028E7401F043B7D00C30686 /* GroundTest.swift in Sources */,
				57F885251F02C210004BD42C /* Ground.swift in Sources */,
				2634A56F1F03E5F900783588 /* Background.swift in Sources */,
				500001831EFD4E2E00F089A2 /* DoorTests.swift in Sources */,
				5028E73E1F043AE200C30686 /* HealthPackTest.swift in Sources */,
				C14F43231F011BA6001AB82B /* WeaponTests.swift in Sources */,
				57686A6A1EFD4F07002CB08E /* PlayerTests.swift in Sources */,
				50D33A521F02D0DB00CB2935 /* Spikes.swift in Sources */,
				508050261F00240F00E73F6B /* EndPage.swift in Sources */,
				26C5C5061EFBF53D00D50E42 /* Door.swift in Sources */,
				576E0AD11F0141A1001D1847 /* Projectile.swift in Sources */,
				50DAA6CC1F0015B0008643F0 /* Enemy.swift in Sources */,
				50F3EAD11F00E4B000601635 /* LifeBar.swift in Sources */,
				500001861EFD51AB00F089A2 /* Player.swift in Sources */,
				500001841EFD51A300F089A2 /*  GameScene.swift in Sources */,
			);
			runOnlyForDeploymentPostprocessing = 0;
		};
		269E3BAE1EFA7D65006B919D /* Sources */ = {
			isa = PBXSourcesBuildPhase;
			buildActionMask = 2147483647;
			files = (
				500667521F012FA9009B16A9 /* HealthPack.swift in Sources */,
				5071909A1EFFC7C2006C3CA9 /* Key.swift in Sources */,
				500001871EFD51AC00F089A2 /* Player.swift in Sources */,
				269E3BB71EFA7D66006B919D /* TestUITests.swift in Sources */,
				500001851EFD51A300F089A2 /*  GameScene.swift in Sources */,
				2634A5701F03E5F900783588 /* Background.swift in Sources */,
				50DAA6CE1F001637008643F0 /* Enemy.swift in Sources */,
				50D33A531F02D0DB00CB2935 /* Spikes.swift in Sources */,
				500001891EFD51B000F089A2 /* AppDelegate.swift in Sources */,
				C14F43211F011343001AB82B /* Weapon.swift in Sources */,
				508050271F00240F00E73F6B /* EndPage.swift in Sources */,
				57F885261F02C210004BD42C /* Ground.swift in Sources */,
				5000018B1EFD51B500F089A2 /* GameViewController.swift in Sources */,
				5028E7341F03A50400C30686 /* HangingSpikes.swift in Sources */,
				2649D95D1F0009E500D935F9 /* landingPage.swift in Sources */,
				50F3EAD21F00E4B000601635 /* LifeBar.swift in Sources */,
				26C5C5071EFBF53D00D50E42 /* Door.swift in Sources */,
				576E0AD21F0141A1001D1847 /* Projectile.swift in Sources */,
			);
			runOnlyForDeploymentPostprocessing = 0;
		};
/* End PBXSourcesBuildPhase section */

/* Begin PBXTargetDependency section */
		269E3BA91EFA7D65006B919D /* PBXTargetDependency */ = {
			isa = PBXTargetDependency;
			target = 269E3B8C1EFA7D65006B919D /* Test */;
			targetProxy = 269E3BA81EFA7D65006B919D /* PBXContainerItemProxy */;
		};
		269E3BB41EFA7D65006B919D /* PBXTargetDependency */ = {
			isa = PBXTargetDependency;
			target = 269E3B8C1EFA7D65006B919D /* Test */;
			targetProxy = 269E3BB31EFA7D65006B919D /* PBXContainerItemProxy */;
		};
/* End PBXTargetDependency section */

/* Begin PBXVariantGroup section */
		269E3B9A1EFA7D65006B919D /* Main.storyboard */ = {
			isa = PBXVariantGroup;
			children = (
				269E3B9B1EFA7D65006B919D /* Base */,
			);
			name = Main.storyboard;
			sourceTree = "<group>";
		};
		269E3B9F1EFA7D65006B919D /* LaunchScreen.storyboard */ = {
			isa = PBXVariantGroup;
			children = (
				269E3BA01EFA7D65006B919D /* Base */,
			);
			name = LaunchScreen.storyboard;
			sourceTree = "<group>";
		};
/* End PBXVariantGroup section */

/* Begin XCBuildConfiguration section */
		269E3BB91EFA7D66006B919D /* Debug */ = {
			isa = XCBuildConfiguration;
			buildSettings = {
				ALWAYS_SEARCH_USER_PATHS = NO;
				CLANG_ANALYZER_NONNULL = YES;
				CLANG_ANALYZER_NUMBER_OBJECT_CONVERSION = YES_AGGRESSIVE;
				CLANG_CXX_LANGUAGE_STANDARD = "gnu++0x";
				CLANG_CXX_LIBRARY = "libc++";
				CLANG_ENABLE_MODULES = YES;
				CLANG_ENABLE_OBJC_ARC = YES;
				CLANG_WARN_BOOL_CONVERSION = YES;
				CLANG_WARN_CONSTANT_CONVERSION = YES;
				CLANG_WARN_DIRECT_OBJC_ISA_USAGE = YES_ERROR;
				CLANG_WARN_DOCUMENTATION_COMMENTS = YES;
				CLANG_WARN_EMPTY_BODY = YES;
				CLANG_WARN_ENUM_CONVERSION = YES;
				CLANG_WARN_INFINITE_RECURSION = YES;
				CLANG_WARN_INT_CONVERSION = YES;
				CLANG_WARN_OBJC_ROOT_CLASS = YES_ERROR;
				CLANG_WARN_SUSPICIOUS_MOVE = YES;
				CLANG_WARN_UNREACHABLE_CODE = YES;
				CLANG_WARN__DUPLICATE_METHOD_MATCH = YES;
				"CODE_SIGN_IDENTITY[sdk=iphoneos*]" = "iPhone Developer";
				COPY_PHASE_STRIP = NO;
				DEBUG_INFORMATION_FORMAT = dwarf;
				ENABLE_STRICT_OBJC_MSGSEND = YES;
				ENABLE_TESTABILITY = YES;
				GCC_C_LANGUAGE_STANDARD = gnu99;
				GCC_DYNAMIC_NO_PIC = NO;
				GCC_NO_COMMON_BLOCKS = YES;
				GCC_OPTIMIZATION_LEVEL = 0;
				GCC_PREPROCESSOR_DEFINITIONS = (
					"DEBUG=1",
					"$(inherited)",
				);
				GCC_WARN_64_TO_32_BIT_CONVERSION = YES;
				GCC_WARN_ABOUT_RETURN_TYPE = YES_ERROR;
				GCC_WARN_UNDECLARED_SELECTOR = YES;
				GCC_WARN_UNINITIALIZED_AUTOS = YES_AGGRESSIVE;
				GCC_WARN_UNUSED_FUNCTION = YES;
				GCC_WARN_UNUSED_VARIABLE = YES;
				IPHONEOS_DEPLOYMENT_TARGET = 10.3;
				MTL_ENABLE_DEBUG_INFO = YES;
				ONLY_ACTIVE_ARCH = YES;
				SDKROOT = iphoneos;
				SWIFT_ACTIVE_COMPILATION_CONDITIONS = DEBUG;
				SWIFT_OPTIMIZATION_LEVEL = "-Onone";
				TARGETED_DEVICE_FAMILY = "1,2";
			};
			name = Debug;
		};
		269E3BBA1EFA7D66006B919D /* Release */ = {
			isa = XCBuildConfiguration;
			buildSettings = {
				ALWAYS_SEARCH_USER_PATHS = NO;
				CLANG_ANALYZER_NONNULL = YES;
				CLANG_ANALYZER_NUMBER_OBJECT_CONVERSION = YES_AGGRESSIVE;
				CLANG_CXX_LANGUAGE_STANDARD = "gnu++0x";
				CLANG_CXX_LIBRARY = "libc++";
				CLANG_ENABLE_MODULES = YES;
				CLANG_ENABLE_OBJC_ARC = YES;
				CLANG_WARN_BOOL_CONVERSION = YES;
				CLANG_WARN_CONSTANT_CONVERSION = YES;
				CLANG_WARN_DIRECT_OBJC_ISA_USAGE = YES_ERROR;
				CLANG_WARN_DOCUMENTATION_COMMENTS = YES;
				CLANG_WARN_EMPTY_BODY = YES;
				CLANG_WARN_ENUM_CONVERSION = YES;
				CLANG_WARN_INFINITE_RECURSION = YES;
				CLANG_WARN_INT_CONVERSION = YES;
				CLANG_WARN_OBJC_ROOT_CLASS = YES_ERROR;
				CLANG_WARN_SUSPICIOUS_MOVE = YES;
				CLANG_WARN_UNREACHABLE_CODE = YES;
				CLANG_WARN__DUPLICATE_METHOD_MATCH = YES;
				"CODE_SIGN_IDENTITY[sdk=iphoneos*]" = "iPhone Developer";
				COPY_PHASE_STRIP = NO;
				DEBUG_INFORMATION_FORMAT = "dwarf-with-dsym";
				ENABLE_NS_ASSERTIONS = NO;
				ENABLE_STRICT_OBJC_MSGSEND = YES;
				GCC_C_LANGUAGE_STANDARD = gnu99;
				GCC_NO_COMMON_BLOCKS = YES;
				GCC_WARN_64_TO_32_BIT_CONVERSION = YES;
				GCC_WARN_ABOUT_RETURN_TYPE = YES_ERROR;
				GCC_WARN_UNDECLARED_SELECTOR = YES;
				GCC_WARN_UNINITIALIZED_AUTOS = YES_AGGRESSIVE;
				GCC_WARN_UNUSED_FUNCTION = YES;
				GCC_WARN_UNUSED_VARIABLE = YES;
				IPHONEOS_DEPLOYMENT_TARGET = 10.3;
				MTL_ENABLE_DEBUG_INFO = NO;
				SDKROOT = iphoneos;
				SWIFT_OPTIMIZATION_LEVEL = "-Owholemodule";
				TARGETED_DEVICE_FAMILY = "1,2";
				VALIDATE_PRODUCT = YES;
			};
			name = Release;
		};
		269E3BBC1EFA7D66006B919D /* Debug */ = {
			isa = XCBuildConfiguration;
			buildSettings = {
				ASSETCATALOG_COMPILER_APPICON_NAME = AppIcon;
				"CODE_SIGN_IDENTITY[sdk=iphoneos*]" = "iPhone Developer";
				DEVELOPMENT_TEAM = DJBH7J95ZQ;
				INFOPLIST_FILE = Test/Info.plist;
				IPHONEOS_DEPLOYMENT_TARGET = 10.2;
				LD_RUNPATH_SEARCH_PATHS = "$(inherited) @executable_path/Frameworks";
				PRODUCT_BUNDLE_IDENTIFIER = "SRM-Industries.Test";
				PRODUCT_NAME = "$(TARGET_NAME)";
				PROVISIONING_PROFILE_SPECIFIER = "";
				SWIFT_VERSION = 3.0;
			};
			name = Debug;
		};
		269E3BBD1EFA7D66006B919D /* Release */ = {
			isa = XCBuildConfiguration;
			buildSettings = {
				ASSETCATALOG_COMPILER_APPICON_NAME = AppIcon;
				"CODE_SIGN_IDENTITY[sdk=iphoneos*]" = "iPhone Developer";
				DEVELOPMENT_TEAM = DJBH7J95ZQ;
				INFOPLIST_FILE = Test/Info.plist;
				IPHONEOS_DEPLOYMENT_TARGET = 10.2;
				LD_RUNPATH_SEARCH_PATHS = "$(inherited) @executable_path/Frameworks";
				PRODUCT_BUNDLE_IDENTIFIER = "SRM-Industries.Test";
				PRODUCT_NAME = "$(TARGET_NAME)";
				PROVISIONING_PROFILE_SPECIFIER = "";
				SWIFT_VERSION = 3.0;
			};
			name = Release;
		};
		269E3BBF1EFA7D66006B919D /* Debug */ = {
			isa = XCBuildConfiguration;
			buildSettings = {
				ALWAYS_EMBED_SWIFT_STANDARD_LIBRARIES = YES;
				BUNDLE_LOADER = "$(TEST_HOST)";
				INFOPLIST_FILE = TestTests/Info.plist;
				LD_RUNPATH_SEARCH_PATHS = "$(inherited) @executable_path/Frameworks @loader_path/Frameworks";
				PRODUCT_BUNDLE_IDENTIFIER = "SRM-Industries.TestTests";
				PRODUCT_NAME = "$(TARGET_NAME)";
				SWIFT_VERSION = 3.0;
				TEST_HOST = "$(BUILT_PRODUCTS_DIR)/Test.app/Test";
			};
			name = Debug;
		};
		269E3BC01EFA7D66006B919D /* Release */ = {
			isa = XCBuildConfiguration;
			buildSettings = {
				ALWAYS_EMBED_SWIFT_STANDARD_LIBRARIES = YES;
				BUNDLE_LOADER = "$(TEST_HOST)";
				INFOPLIST_FILE = TestTests/Info.plist;
				LD_RUNPATH_SEARCH_PATHS = "$(inherited) @executable_path/Frameworks @loader_path/Frameworks";
				PRODUCT_BUNDLE_IDENTIFIER = "SRM-Industries.TestTests";
				PRODUCT_NAME = "$(TARGET_NAME)";
				SWIFT_VERSION = 3.0;
				TEST_HOST = "$(BUILT_PRODUCTS_DIR)/Test.app/Test";
			};
			name = Release;
		};
		269E3BC21EFA7D66006B919D /* Debug */ = {
			isa = XCBuildConfiguration;
			buildSettings = {
				ALWAYS_EMBED_SWIFT_STANDARD_LIBRARIES = YES;
				INFOPLIST_FILE = TestUITests/Info.plist;
				LD_RUNPATH_SEARCH_PATHS = "$(inherited) @executable_path/Frameworks @loader_path/Frameworks";
				PRODUCT_BUNDLE_IDENTIFIER = "SRM-Industries.TestUITests";
				PRODUCT_NAME = "$(TARGET_NAME)";
				SWIFT_VERSION = 3.0;
				TEST_TARGET_NAME = Test;
			};
			name = Debug;
		};
		269E3BC31EFA7D66006B919D /* Release */ = {
			isa = XCBuildConfiguration;
			buildSettings = {
				ALWAYS_EMBED_SWIFT_STANDARD_LIBRARIES = YES;
				INFOPLIST_FILE = TestUITests/Info.plist;
				LD_RUNPATH_SEARCH_PATHS = "$(inherited) @executable_path/Frameworks @loader_path/Frameworks";
				PRODUCT_BUNDLE_IDENTIFIER = "SRM-Industries.TestUITests";
				PRODUCT_NAME = "$(TARGET_NAME)";
				SWIFT_VERSION = 3.0;
				TEST_TARGET_NAME = Test;
			};
			name = Release;
		};
/* End XCBuildConfiguration section */

/* Begin XCConfigurationList section */
		269E3B881EFA7D65006B919D /* Build configuration list for PBXProject "Test" */ = {
			isa = XCConfigurationList;
			buildConfigurations = (
				269E3BB91EFA7D66006B919D /* Debug */,
				269E3BBA1EFA7D66006B919D /* Release */,
			);
			defaultConfigurationIsVisible = 0;
			defaultConfigurationName = Release;
		};
		269E3BBB1EFA7D66006B919D /* Build configuration list for PBXNativeTarget "Test" */ = {
			isa = XCConfigurationList;
			buildConfigurations = (
				269E3BBC1EFA7D66006B919D /* Debug */,
				269E3BBD1EFA7D66006B919D /* Release */,
			);
			defaultConfigurationIsVisible = 0;
			defaultConfigurationName = Release;
		};
		269E3BBE1EFA7D66006B919D /* Build configuration list for PBXNativeTarget "TestTests" */ = {
			isa = XCConfigurationList;
			buildConfigurations = (
				269E3BBF1EFA7D66006B919D /* Debug */,
				269E3BC01EFA7D66006B919D /* Release */,
			);
			defaultConfigurationIsVisible = 0;
			defaultConfigurationName = Release;
		};
		269E3BC11EFA7D66006B919D /* Build configuration list for PBXNativeTarget "TestUITests" */ = {
			isa = XCConfigurationList;
			buildConfigurations = (
				269E3BC21EFA7D66006B919D /* Debug */,
				269E3BC31EFA7D66006B919D /* Release */,
			);
			defaultConfigurationIsVisible = 0;
			defaultConfigurationName = Release;
		};
/* End XCConfigurationList section */
	};
	rootObject = 269E3B851EFA7D65006B919D /* Project object */;
}
